
Microsoft Visual Studio Solution File, Format Version 12.00
# Visual Studio 15
VisualStudioVersion = 15.0.27703.2035
MinimumVisualStudioVersion = 10.0.40219.1
Project("{FAE04EC0-301F-11D3-BF4B-00C04F79EFBC}") = "Customer Service Complaint Automation Tool", "WpfApp1\Customer Service Complaint Automation Tool.csproj", "{9392F417-537F-4B54-AD1D-710C3F85463E}"
EndProject
Global
	GlobalSection(SolutionConfigurationPlatforms) = preSolution
		Debug|Any CPU = Debug|Any CPU
		Release|Any CPU = Release|Any CPU
	EndGlobalSection
	GlobalSection(ProjectConfigurationPlatforms) = postSolution
		{9392F417-537F-4B54-AD1D-710C3F85463E}.Debug|Any CPU.ActiveCfg = Debug|Any CPU
		{9392F417-537F-4B54-AD1D-710C3F85463E}.Debug|Any CPU.Build.0 = Debug|Any CPU
		{9392F417-537F-4B54-AD1D-710C3F85463E}.Release|Any CPU.ActiveCfg = Release|Any CPU
		{9392F417-537F-4B54-AD1D-710C3F85463E}.Release|Any CPU.Build.0 = Release|Any CPU
	EndGlobalSection
	GlobalSection(SolutionProperties) = preSolution
		HideSolutionNode = FALSE
	EndGlobalSection
	GlobalSection(ExtensibilityGlobals) = postSolution
		SolutionGuid = {6BE2E9DE-05D9-4068-941B-D2F46BC01880}
	EndGlobalSection
EndGlobal
